
Microsoft Visual Studio Solution File, Format Version 12.00
# Visual Studio 2012
Project("{FAE04EC0-301F-11D3-BF4B-00C04F79EFBC}") = "Razor", "Razor\Razor.csproj", "{9B55A37F-4A3E-40DB-B334-3E9CDB63356C}"
EndProject
Project("{FAE04EC0-301F-11D3-BF4B-00C04F79EFBC}") = "Razor.Tests", "Razor.Tests\Razor.Tests.csproj", "{30A66456-4F4A-4DBC-AAF1-7BB22ADC4A74}"
EndProject
Global
	GlobalSection(SolutionConfigurationPlatforms) = preSolution
		Debug|Any CPU = Debug|Any CPU
		Release|Any CPU = Release|Any CPU
	EndGlobalSection
	GlobalSection(ProjectConfigurationPlatforms) = postSolution
		{9B55A37F-4A3E-40DB-B334-3E9CDB63356C}.Debug|Any CPU.ActiveCfg = Debug|Any CPU
		{9B55A37F-4A3E-40DB-B334-3E9CDB63356C}.Debug|Any CPU.Build.0 = Debug|Any CPU
		{9B55A37F-4A3E-40DB-B334-3E9CDB63356C}.Release|Any CPU.ActiveCfg = Release|Any CPU
		{9B55A37F-4A3E-40DB-B334-3E9CDB63356C}.Release|Any CPU.Build.0 = Release|Any CPU
		{30A66456-4F4A-4DBC-AAF1-7BB22ADC4A74}.Debug|Any CPU.ActiveCfg = Debug|Any CPU
		{30A66456-4F4A-4DBC-AAF1-7BB22ADC4A74}.Debug|Any CPU.Build.0 = Debug|Any CPU
		{30A66456-4F4A-4DBC-AAF1-7BB22ADC4A74}.Release|Any CPU.ActiveCfg = Release|Any CPU
		{30A66456-4F4A-4DBC-AAF1-7BB22ADC4A74}.Release|Any CPU.Build.0 = Release|Any CPU
	EndGlobalSection
	GlobalSection(SolutionProperties) = preSolution
		HideSolutionNode = FALSE
	EndGlobalSection
EndGlobal
